
Microsoft Visual Studio Solution File, Format Version 12.00
# Visual Studio 15
VisualStudioVersion = 15.0.27004.2002
MinimumVisualStudioVersion = 10.0.40219.1
Project("{9A19103F-16F7-4668-BE54-9A1E7A4F7556}") = "OrderFoodOnline", "OrderFoodOnline\OrderFoodOnline.csproj", "{C7B81889-C773-458A-BA29-AD097FB1732A}"
EndProject
Global
	GlobalSection(SolutionConfigurationPlatforms) = preSolution
		Debug|Any CPU = Debug|Any CPU
		Release|Any CPU = Release|Any CPU
	EndGlobalSection
	GlobalSection(ProjectConfigurationPlatforms) = postSolution
		{C7B81889-C773-458A-BA29-AD097FB1732A}.Debug|Any CPU.ActiveCfg = Debug|Any CPU
		{C7B81889-C773-458A-BA29-AD097FB1732A}.Debug|Any CPU.Build.0 = Debug|Any CPU
		{C7B81889-C773-458A-BA29-AD097FB1732A}.Release|Any CPU.ActiveCfg = Release|Any CPU
		{C7B81889-C773-458A-BA29-AD097FB1732A}.Release|Any CPU.Build.0 = Release|Any CPU
	EndGlobalSection
	GlobalSection(SolutionProperties) = preSolution
		HideSolutionNode = FALSE
	EndGlobalSection
	GlobalSection(ExtensibilityGlobals) = postSolution
		SolutionGuid = {96E9F6E8-B84A-434F-8C58-021C326E47A4}
	EndGlobalSection
EndGlobal
